
Microsoft Visual Studio Solution File, Format Version 12.00
# Visual Studio Version 16
VisualStudioVersion = 16.0.31019.35
MinimumVisualStudioVersion = 10.0.40219.1
Project("{FAE04EC0-301F-11D3-BF4B-00C04F79EFBC}") = "CafeConsoleApp", "CafeConsoleApp\CafeConsoleApp.csproj", "{1A3EFA25-5377-4FB1-9188-59104725E964}"
EndProject
Project("{FAE04EC0-301F-11D3-BF4B-00C04F79EFBC}") = "CafeUnitTest", "CafeUnitTest\CafeUnitTest.csproj", "{2146094E-46EE-49E1-B0F5-5B3515C9CB13}"
EndProject
Project("{FAE04EC0-301F-11D3-BF4B-00C04F79EFBC}") = "CafeClassLibrary", "CafeClassLibrary\CafeClassLibrary.csproj", "{2F4F2B75-204D-4670-ACBB-F004607A73F0}"
EndProject
Project("{2150E333-8FDC-42A3-9474-1A3956D46DE8}") = "1. Cafe", "1. Cafe", "{848084D8-F115-44EF-865A-F49D5BD7E057}"
EndProject
Project("{FAE04EC0-301F-11D3-BF4B-00C04F79EFBC}") = "ClaimsConsoleApp", "ConsoleAppClaims\ClaimsConsoleApp.csproj", "{CCBDBA7F-4F75-4822-BF9D-AA89BD756BEC}"
EndProject
Project("{FAE04EC0-301F-11D3-BF4B-00C04F79EFBC}") = "ClaimsClassLibrary", "ClaimsClassLibrary\ClaimsClassLibrary.csproj", "{35310282-D6D6-40E3-8C05-EAE9DCC939D3}"
EndProject
Project("{FAE04EC0-301F-11D3-BF4B-00C04F79EFBC}") = "ClaimsUnitTest", "ClaimsUnitTest\ClaimsUnitTest.csproj", "{E0131DE4-43A8-403A-A30D-213F2EEB37FC}"
EndProject
Project("{2150E333-8FDC-42A3-9474-1A3956D46DE8}") = "2. Claims", "2. Claims", "{03F79964-F282-43F6-95DB-D050CFE24B68}"
EndProject
Project("{FAE04EC0-301F-11D3-BF4B-00C04F79EFBC}") = "BadgesProgram", "BadgesProgram\BadgesProgram.csproj", "{CA988CA0-F7A0-4461-B0EE-677CAED40DE6}"
EndProject
Project("{FAE04EC0-301F-11D3-BF4B-00C04F79EFBC}") = "BadgesTest", "BadgesTest\BadgesTest.csproj", "{618FD18F-6AEB-42EB-BE1C-E867014B4C6A}"
EndProject
Project("{FAE04EC0-301F-11D3-BF4B-00C04F79EFBC}") = "BadgesLibrary", "BadgesLibrary\BadgesLibrary.csproj", "{F50C1655-6AD5-4470-BB65-A80760658C54}"
EndProject
Project("{2150E333-8FDC-42A3-9474-1A3956D46DE8}") = "3. Badges", "3. Badges", "{1F34D26D-17CB-47D0-B29F-BDE7BD41D7F4}"
EndProject
Global
	GlobalSection(SolutionConfigurationPlatforms) = preSolution
		Debug|Any CPU = Debug|Any CPU
		Release|Any CPU = Release|Any CPU
	EndGlobalSection
	GlobalSection(ProjectConfigurationPlatforms) = postSolution
		{1A3EFA25-5377-4FB1-9188-59104725E964}.Debug|Any CPU.ActiveCfg = Debug|Any CPU
		{1A3EFA25-5377-4FB1-9188-59104725E964}.Debug|Any CPU.Build.0 = Debug|Any CPU
		{1A3EFA25-5377-4FB1-9188-59104725E964}.Release|Any CPU.ActiveCfg = Release|Any CPU
		{1A3EFA25-5377-4FB1-9188-59104725E964}.Release|Any CPU.Build.0 = Release|Any CPU
		{2146094E-46EE-49E1-B0F5-5B3515C9CB13}.Debug|Any CPU.ActiveCfg = Debug|Any CPU
		{2146094E-46EE-49E1-B0F5-5B3515C9CB13}.Debug|Any CPU.Build.0 = Debug|Any CPU
		{2146094E-46EE-49E1-B0F5-5B3515C9CB13}.Release|Any CPU.ActiveCfg = Release|Any CPU
		{2146094E-46EE-49E1-B0F5-5B3515C9CB13}.Release|Any CPU.Build.0 = Release|Any CPU
		{2F4F2B75-204D-4670-ACBB-F004607A73F0}.Debug|Any CPU.ActiveCfg = Debug|Any CPU
		{2F4F2B75-204D-4670-ACBB-F004607A73F0}.Debug|Any CPU.Build.0 = Debug|Any CPU
		{2F4F2B75-204D-4670-ACBB-F004607A73F0}.Release|Any CPU.ActiveCfg = Release|Any CPU
		{2F4F2B75-204D-4670-ACBB-F004607A73F0}.Release|Any CPU.Build.0 = Release|Any CPU
		{CCBDBA7F-4F75-4822-BF9D-AA89BD756BEC}.Debug|Any CPU.ActiveCfg = Debug|Any CPU
		{CCBDBA7F-4F75-4822-BF9D-AA89BD756BEC}.Debug|Any CPU.Build.0 = Debug|Any CPU
		{CCBDBA7F-4F75-4822-BF9D-AA89BD756BEC}.Release|Any CPU.ActiveCfg = Release|Any CPU
		{CCBDBA7F-4F75-4822-BF9D-AA89BD756BEC}.Release|Any CPU.Build.0 = Release|Any CPU
		{35310282-D6D6-40E3-8C05-EAE9DCC939D3}.Debug|Any CPU.ActiveCfg = Debug|Any CPU
		{35310282-D6D6-40E3-8C05-EAE9DCC939D3}.Debug|Any CPU.Build.0 = Debug|Any CPU
		{35310282-D6D6-40E3-8C05-EAE9DCC939D3}.Release|Any CPU.ActiveCfg = Release|Any CPU
		{35310282-D6D6-40E3-8C05-EAE9DCC939D3}.Release|Any CPU.Build.0 = Release|Any CPU
		{E0131DE4-43A8-403A-A30D-213F2EEB37FC}.Debug|Any CPU.ActiveCfg = Debug|Any CPU
		{E0131DE4-43A8-403A-A30D-213F2EEB37FC}.Debug|Any CPU.Build.0 = Debug|Any CPU
		{E0131DE4-43A8-403A-A30D-213F2EEB37FC}.Release|Any CPU.ActiveCfg = Release|Any CPU
		{E0131DE4-43A8-403A-A30D-213F2EEB37FC}.Release|Any CPU.Build.0 = Release|Any CPU
		{CA988CA0-F7A0-4461-B0EE-677CAED40DE6}.Debug|Any CPU.ActiveCfg = Debug|Any CPU
		{CA988CA0-F7A0-4461-B0EE-677CAED40DE6}.Debug|Any CPU.Build.0 = Debug|Any CPU
		{CA988CA0-F7A0-4461-B0EE-677CAED40DE6}.Release|Any CPU.ActiveCfg = Release|Any CPU
		{CA988CA0-F7A0-4461-B0EE-677CAED40DE6}.Release|Any CPU.Build.0 = Release|Any CPU
		{618FD18F-6AEB-42EB-BE1C-E867014B4C6A}.Debug|Any CPU.ActiveCfg = Debug|Any CPU
		{618FD18F-6AEB-42EB-BE1C-E867014B4C6A}.Debug|Any CPU.Build.0 = Debug|Any CPU
		{618FD18F-6AEB-42EB-BE1C-E867014B4C6A}.Release|Any CPU.ActiveCfg = Release|Any CPU
		{618FD18F-6AEB-42EB-BE1C-E867014B4C6A}.Release|Any CPU.Build.0 = Release|Any CPU
		{F50C1655-6AD5-4470-BB65-A80760658C54}.Debug|Any CPU.ActiveCfg = Debug|Any CPU
		{F50C1655-6AD5-4470-BB65-A80760658C54}.Debug|Any CPU.Build.0 = Debug|Any CPU
		{F50C1655-6AD5-4470-BB65-A80760658C54}.Release|Any CPU.ActiveCfg = Release|Any CPU
		{F50C1655-6AD5-4470-BB65-A80760658C54}.Release|Any CPU.Build.0 = Release|Any CPU
	EndGlobalSection
	GlobalSection(SolutionProperties) = preSolution
		HideSolutionNode = FALSE
	EndGlobalSection
	GlobalSection(NestedProjects) = preSolution
		{1A3EFA25-5377-4FB1-9188-59104725E964} = {848084D8-F115-44EF-865A-F49D5BD7E057}
		{2146094E-46EE-49E1-B0F5-5B3515C9CB13} = {848084D8-F115-44EF-865A-F49D5BD7E057}
		{2F4F2B75-204D-4670-ACBB-F004607A73F0} = {848084D8-F115-44EF-865A-F49D5BD7E057}
		{CCBDBA7F-4F75-4822-BF9D-AA89BD756BEC} = {03F79964-F282-43F6-95DB-D050CFE24B68}
		{35310282-D6D6-40E3-8C05-EAE9DCC939D3} = {03F79964-F282-43F6-95DB-D050CFE24B68}
		{E0131DE4-43A8-403A-A30D-213F2EEB37FC} = {03F79964-F282-43F6-95DB-D050CFE24B68}
		{CA988CA0-F7A0-4461-B0EE-677CAED40DE6} = {1F34D26D-17CB-47D0-B29F-BDE7BD41D7F4}
		{618FD18F-6AEB-42EB-BE1C-E867014B4C6A} = {1F34D26D-17CB-47D0-B29F-BDE7BD41D7F4}
		{F50C1655-6AD5-4470-BB65-A80760658C54} = {1F34D26D-17CB-47D0-B29F-BDE7BD41D7F4}
	EndGlobalSection
	GlobalSection(ExtensibilityGlobals) = postSolution
		SolutionGuid = {2674C62A-8631-4F22-836F-14D54207ECE5}
	EndGlobalSection
EndGlobal
